// !$*UTF8*$!
{
	archiveVersion = 1;
	classes = {
	};
	objectVersion = 50;
	objects = {

/* Begin PBXBuildFile section */
		38283FE228591278001574F4 /* ScoreCardTableViewCell.swift in Sources */ = {isa = PBXBuildFile; fileRef = 38283FE028591278001574F4 /* ScoreCardTableViewCell.swift */; };
		38283FE328591278001574F4 /* ScoreCardTableViewCell.xib in Resources */ = {isa = PBXBuildFile; fileRef = 38283FE128591278001574F4 /* ScoreCardTableViewCell.xib */; };
		38283FE6285E35EB001574F4 /* HighScoreTableViewCell.swift in Sources */ = {isa = PBXBuildFile; fileRef = 38283FE4285E35EB001574F4 /* HighScoreTableViewCell.swift */; };
		38283FE7285E35EB001574F4 /* HighScoreTableViewCell.xib in Resources */ = {isa = PBXBuildFile; fileRef = 38283FE5285E35EB001574F4 /* HighScoreTableViewCell.xib */; };
		38283FF1285E9A13001574F4 /* dice4.mp3 in Resources */ = {isa = PBXBuildFile; fileRef = 38283FF0285E9A13001574F4 /* dice4.mp3 */; };
		38283FF3285E9E02001574F4 /* yahtzee1crop.mp3 in Resources */ = {isa = PBXBuildFile; fileRef = 38283FF2285E9E02001574F4 /* yahtzee1crop.mp3 */; };
		38283FF5285EAD12001574F4 /* greetingsToDadCrop.mp3 in Resources */ = {isa = PBXBuildFile; fileRef = 38283FF4285EAD11001574F4 /* greetingsToDadCrop.mp3 */; };
		3831188F2859051D00E1D48B /* ScoreLineModel.swift in Sources */ = {isa = PBXBuildFile; fileRef = 3831188E2859051D00E1D48B /* ScoreLineModel.swift */; };
		3859ED562857B67700D4854F /* DiceModel.swift in Sources */ = {isa = PBXBuildFile; fileRef = 3859ED552857B67700D4854F /* DiceModel.swift */; };
		3859ED5A2857BAE300D4854F /* ScoreCardModel.swift in Sources */ = {isa = PBXBuildFile; fileRef = 3859ED592857BAE300D4854F /* ScoreCardModel.swift */; };
		3859ED5C2857BB0300D4854F /* SavedScoreModel.swift in Sources */ = {isa = PBXBuildFile; fileRef = 3859ED5B2857BB0300D4854F /* SavedScoreModel.swift */; };
		3859ED6C2857CDCE00D4854F /* TitleViewController.swift in Sources */ = {isa = PBXBuildFile; fileRef = 3859ED6B2857CDCE00D4854F /* TitleViewController.swift */; };
		3859ED6E2857CDE100D4854F /* HighScoreViewController.swift in Sources */ = {isa = PBXBuildFile; fileRef = 3859ED6D2857CDE100D4854F /* HighScoreViewController.swift */; };
		3859ED702857CDF300D4854F /* OptionsViewController.swift in Sources */ = {isa = PBXBuildFile; fileRef = 3859ED6F2857CDF300D4854F /* OptionsViewController.swift */; };
		3859ED722857CE0400D4854F /* ScorecardViewController.swift in Sources */ = {isa = PBXBuildFile; fileRef = 3859ED712857CE0400D4854F /* ScorecardViewController.swift */; };
		3859ED742858FBEE00D4854F /* ScoreTableViewController.swift in Sources */ = {isa = PBXBuildFile; fileRef = 3859ED732858FBEE00D4854F /* ScoreTableViewController.swift */; };
		3859ED76285900A200D4854F /* ScoreScreenViewController.swift in Sources */ = {isa = PBXBuildFile; fileRef = 3859ED75285900A200D4854F /* ScoreScreenViewController.swift */; };
		388EC222285EC74C00334C00 /* Assets.xcassets in Resources */ = {isa = PBXBuildFile; fileRef = 388EC221285EC74C00334C00 /* Assets.xcassets */; };
		ADB0DFFD22AFA6090030352D /* AppDelegate.swift in Sources */ = {isa = PBXBuildFile; fileRef = ADB0DFFC22AFA6090030352D /* AppDelegate.swift */; };
		ADB0E00122AFA6090030352D /* ViewController.swift in Sources */ = {isa = PBXBuildFile; fileRef = ADB0E00022AFA6090030352D /* ViewController.swift */; };
		ADB0E00422AFA6090030352D /* Main.storyboard in Resources */ = {isa = PBXBuildFile; fileRef = ADB0E00222AFA6090030352D /* Main.storyboard */; };
		ADB0E00922AFA60E0030352D /* LaunchScreen.storyboard in Resources */ = {isa = PBXBuildFile; fileRef = ADB0E00722AFA60E0030352D /* LaunchScreen.storyboard */; };
		ADE1FB1422B39F0200DD2BD6 /* SceneDelegate.swift in Sources */ = {isa = PBXBuildFile; fileRef = ADE1FB1322B39F0200DD2BD6 /* SceneDelegate.swift */; };
/* End PBXBuildFile section */

/* Begin PBXFileReference section */
		38283FE028591278001574F4 /* ScoreCardTableViewCell.swift */ = {isa = PBXFileReference; lastKnownFileType = sourcecode.swift; path = ScoreCardTableViewCell.swift; sourceTree = "<group>"; };
		38283FE128591278001574F4 /* ScoreCardTableViewCell.xib */ = {isa = PBXFileReference; lastKnownFileType = file.xib; path = ScoreCardTableViewCell.xib; sourceTree = "<group>"; };
		38283FE4285E35EB001574F4 /* HighScoreTableViewCell.swift */ = {isa = PBXFileReference; lastKnownFileType = sourcecode.swift; path = HighScoreTableViewCell.swift; sourceTree = "<group>"; };
		38283FE5285E35EB001574F4 /* HighScoreTableViewCell.xib */ = {isa = PBXFileReference; lastKnownFileType = file.xib; path = HighScoreTableViewCell.xib; sourceTree = "<group>"; };
		38283FF0285E9A13001574F4 /* dice4.mp3 */ = {isa = PBXFileReference; lastKnownFileType = audio.mp3; path = dice4.mp3; sourceTree = "<group>"; };
		38283FF2285E9E02001574F4 /* yahtzee1crop.mp3 */ = {isa = PBXFileReference; lastKnownFileType = audio.mp3; path = yahtzee1crop.mp3; sourceTree = "<group>"; };
		38283FF4285EAD11001574F4 /* greetingsToDadCrop.mp3 */ = {isa = PBXFileReference; lastKnownFileType = audio.mp3; path = greetingsToDadCrop.mp3; sourceTree = "<group>"; };
		3831188E2859051D00E1D48B /* ScoreLineModel.swift */ = {isa = PBXFileReference; lastKnownFileType = sourcecode.swift; path = ScoreLineModel.swift; sourceTree = "<group>"; };
		3859ED552857B67700D4854F /* DiceModel.swift */ = {isa = PBXFileReference; lastKnownFileType = sourcecode.swift; path = DiceModel.swift; sourceTree = "<group>"; };
		3859ED592857BAE300D4854F /* ScoreCardModel.swift */ = {isa = PBXFileReference; lastKnownFileType = sourcecode.swift; path = ScoreCardModel.swift; sourceTree = "<group>"; };
		3859ED5B2857BB0300D4854F /* SavedScoreModel.swift */ = {isa = PBXFileReference; lastKnownFileType = sourcecode.swift; path = SavedScoreModel.swift; sourceTree = "<group>"; };
		3859ED6B2857CDCE00D4854F /* TitleViewController.swift */ = {isa = PBXFileReference; lastKnownFileType = sourcecode.swift; path = TitleViewController.swift; sourceTree = "<group>"; };
		3859ED6D2857CDE100D4854F /* HighScoreViewController.swift */ = {isa = PBXFileReference; lastKnownFileType = sourcecode.swift; path = HighScoreViewController.swift; sourceTree = "<group>"; };
		3859ED6F2857CDF300D4854F /* OptionsViewController.swift */ = {isa = PBXFileReference; lastKnownFileType = sourcecode.swift; path = OptionsViewController.swift; sourceTree = "<group>"; };
		3859ED712857CE0400D4854F /* ScorecardViewController.swift */ = {isa = PBXFileReference; lastKnownFileType = sourcecode.swift; path = ScorecardViewController.swift; sourceTree = "<group>"; };
		3859ED732858FBEE00D4854F /* ScoreTableViewController.swift */ = {isa = PBXFileReference; lastKnownFileType = sourcecode.swift; path = ScoreTableViewController.swift; sourceTree = "<group>"; };
		3859ED75285900A200D4854F /* ScoreScreenViewController.swift */ = {isa = PBXFileReference; lastKnownFileType = sourcecode.swift; path = ScoreScreenViewController.swift; sourceTree = "<group>"; };
		388EC221285EC74C00334C00 /* Assets.xcassets */ = {isa = PBXFileReference; lastKnownFileType = folder.assetcatalog; name = Assets.xcassets; path = ../Assets.xcassets; sourceTree = "<group>"; };
		ADB0DFF922AFA6090030352D /* AroraYahtzee.app */ = {isa = PBXFileReference; explicitFileType = wrapper.application; includeInIndex = 0; path = AroraYahtzee.app; sourceTree = BUILT_PRODUCTS_DIR; };
		ADB0DFFC22AFA6090030352D /* AppDelegate.swift */ = {isa = PBXFileReference; lastKnownFileType = sourcecode.swift; path = AppDelegate.swift; sourceTree = "<group>"; };
		ADB0E00022AFA6090030352D /* ViewController.swift */ = {isa = PBXFileReference; lastKnownFileType = sourcecode.swift; path = ViewController.swift; sourceTree = "<group>"; };
		ADB0E00322AFA6090030352D /* Base */ = {isa = PBXFileReference; lastKnownFileType = file.storyboard; name = Base; path = Base.lproj/Main.storyboard; sourceTree = "<group>"; };
		ADB0E00822AFA60E0030352D /* Base */ = {isa = PBXFileReference; lastKnownFileType = file.storyboard; name = Base; path = Base.lproj/LaunchScreen.storyboard; sourceTree = "<group>"; };
		ADB0E00A22AFA60E0030352D /* Info.plist */ = {isa = PBXFileReference; lastKnownFileType = text.plist.xml; path = Info.plist; sourceTree = "<group>"; };
		ADE1FB1322B39F0200DD2BD6 /* SceneDelegate.swift */ = {isa = PBXFileReference; fileEncoding = 4; lastKnownFileType = sourcecode.swift; path = SceneDelegate.swift; sourceTree = "<group>"; };
/* End PBXFileReference section */

/* Begin PBXFrameworksBuildPhase section */
		ADB0DFF622AFA6090030352D /* Frameworks */ = {
			isa = PBXFrameworksBuildPhase;
			buildActionMask = 2147483647;
			files = (
			);
			runOnlyForDeploymentPostprocessing = 0;
		};
/* End PBXFrameworksBuildPhase section */

/* Begin PBXGroup section */
		3859ED5D2857BB1100D4854F /* Model */ = {
			isa = PBXGroup;
			children = (
				3859ED5B2857BB0300D4854F /* SavedScoreModel.swift */,
				3859ED592857BAE300D4854F /* ScoreCardModel.swift */,
				3859ED552857B67700D4854F /* DiceModel.swift */,
				3831188E2859051D00E1D48B /* ScoreLineModel.swift */,
			);
			path = Model;
			sourceTree = "<group>";
		};
		3859ED5E2857BB2400D4854F /* Controller */ = {
			isa = PBXGroup;
			children = (
				ADB0E00022AFA6090030352D /* ViewController.swift */,
				3859ED6B2857CDCE00D4854F /* TitleViewController.swift */,
				3859ED6D2857CDE100D4854F /* HighScoreViewController.swift */,
				3859ED6F2857CDF300D4854F /* OptionsViewController.swift */,
				3859ED712857CE0400D4854F /* ScorecardViewController.swift */,
				3859ED732858FBEE00D4854F /* ScoreTableViewController.swift */,
				3859ED75285900A200D4854F /* ScoreScreenViewController.swift */,
			);
			path = Controller;
			sourceTree = "<group>";
		};
		3859ED602857BB5600D4854F /* View */ = {
			isa = PBXGroup;
			children = (
				ADB0E00722AFA60E0030352D /* LaunchScreen.storyboard */,
				ADB0E00222AFA6090030352D /* Main.storyboard */,
				38283FE028591278001574F4 /* ScoreCardTableViewCell.swift */,
				38283FE128591278001574F4 /* ScoreCardTableViewCell.xib */,
				38283FE4285E35EB001574F4 /* HighScoreTableViewCell.swift */,
				38283FE5285E35EB001574F4 /* HighScoreTableViewCell.xib */,
			);
			path = View;
			sourceTree = "<group>";
		};
		38B4ECAB2979CE3700D68DA5 /* Audio */ = {
			isa = PBXGroup;
			children = (
				38283FF0285E9A13001574F4 /* dice4.mp3 */,
				38283FF2285E9E02001574F4 /* yahtzee1crop.mp3 */,
				38283FF4285EAD11001574F4 /* greetingsToDadCrop.mp3 */,
			);
			path = Audio;
			sourceTree = "<group>";
		};
		ADB0DFF022AFA6090030352D = {
			isa = PBXGroup;
			children = (
				ADB0DFFB22AFA6090030352D /* AroraYahtzee */,
				ADB0DFFA22AFA6090030352D /* Products */,
			);
			sourceTree = "<group>";
		};
		ADB0DFFA22AFA6090030352D /* Products */ = {
			isa = PBXGroup;
			children = (
				ADB0DFF922AFA6090030352D /* AroraYahtzee.app */,
			);
			name = Products;
			sourceTree = "<group>";
		};
		ADB0DFFB22AFA6090030352D /* AroraYahtzee */ = {
			isa = PBXGroup;
			children = (
				ADB0DFFC22AFA6090030352D /* AppDelegate.swift */,
				ADE1FB1322B39F0200DD2BD6 /* SceneDelegate.swift */,
				3859ED5D2857BB1100D4854F /* Model */,
				3859ED602857BB5600D4854F /* View */,
				3859ED5E2857BB2400D4854F /* Controller */,
				38B4ECAB2979CE3700D68DA5 /* Audio */,
				ADB0E00A22AFA60E0030352D /* Info.plist */,
				388EC221285EC74C00334C00 /* Assets.xcassets */,
			);
			path = AroraYahtzee;
			sourceTree = "<group>";
		};
/* End PBXGroup section */

/* Begin PBXNativeTarget section */
		ADB0DFF822AFA6090030352D /* AroraYahtzee */ = {
			isa = PBXNativeTarget;
			buildConfigurationList = ADB0E00D22AFA60E0030352D /* Build configuration list for PBXNativeTarget "AroraYahtzee" */;
			buildPhases = (
				ADB0DFF522AFA6090030352D /* Sources */,
				ADB0DFF622AFA6090030352D /* Frameworks */,
				ADB0DFF722AFA6090030352D /* Resources */,
			);
			buildRules = (
			);
			dependencies = (
			);
			name = AroraYahtzee;
			productName = "Dicee-iOS13";
			productReference = ADB0DFF922AFA6090030352D /* AroraYahtzee.app */;
			productType = "com.apple.product-type.application";
		};
/* End PBXNativeTarget section */

/* Begin PBXProject section */
		ADB0DFF122AFA6090030352D /* Project object */ = {
			isa = PBXProject;
			attributes = {
				LastSwiftUpdateCheck = 1100;
				LastUpgradeCheck = 1330;
				ORGANIZATIONNAME = "Arora Software";
				TargetAttributes = {
					ADB0DFF822AFA6090030352D = {
						CreatedOnToolsVersion = 11.0;
					};
				};
			};
			buildConfigurationList = ADB0DFF422AFA6090030352D /* Build configuration list for PBXProject "AroraYahtzee" */;
			compatibilityVersion = "Xcode 9.3";
			developmentRegion = en;
			hasScannedForEncodings = 0;
			knownRegions = (
				en,
				Base,
			);
			mainGroup = ADB0DFF022AFA6090030352D;
			productRefGroup = ADB0DFFA22AFA6090030352D /* Products */;
			projectDirPath = "";
			projectRoot = "";
			targets = (
				ADB0DFF822AFA6090030352D /* AroraYahtzee */,
			);
		};
/* End PBXProject section */

/* Begin PBXResourcesBuildPhase section */
		ADB0DFF722AFA6090030352D /* Resources */ = {
			isa = PBXResourcesBuildPhase;
			buildActionMask = 2147483647;
			files = (
				38283FE7285E35EB001574F4 /* HighScoreTableViewCell.xib in Resources */,
				ADB0E00922AFA60E0030352D /* LaunchScreen.storyboard in Resources */,
				38283FE328591278001574F4 /* ScoreCardTableViewCell.xib in Resources */,
				38283FF3285E9E02001574F4 /* yahtzee1crop.mp3 in Resources */,
				38283FF1285E9A13001574F4 /* dice4.mp3 in Resources */,
				38283FF5285EAD12001574F4 /* greetingsToDadCrop.mp3 in Resources */,
				388EC222285EC74C00334C00 /* Assets.xcassets in Resources */,
				ADB0E00422AFA6090030352D /* Main.storyboard in Resources */,
			);
			runOnlyForDeploymentPostprocessing = 0;
		};
/* End PBXResourcesBuildPhase section */

/* Begin PBXSourcesBuildPhase section */
		ADB0DFF522AFA6090030352D /* Sources */ = {
			isa = PBXSourcesBuildPhase;
			buildActionMask = 2147483647;
			files = (
				3859ED742858FBEE00D4854F /* ScoreTableViewController.swift in Sources */,
				3859ED76285900A200D4854F /* ScoreScreenViewController.swift in Sources */,
				38283FE228591278001574F4 /* ScoreCardTableViewCell.swift in Sources */,
				3859ED5A2857BAE300D4854F /* ScoreCardModel.swift in Sources */,
				3859ED562857B67700D4854F /* DiceModel.swift in Sources */,
				ADB0E00122AFA6090030352D /* ViewController.swift in Sources */,
				3859ED702857CDF300D4854F /* OptionsViewController.swift in Sources */,
				3859ED6E2857CDE100D4854F /* HighScoreViewController.swift in Sources */,
				3859ED6C2857CDCE00D4854F /* TitleViewController.swift in Sources */,
				3831188F2859051D00E1D48B /* ScoreLineModel.swift in Sources */,
				ADB0DFFD22AFA6090030352D /* AppDelegate.swift in Sources */,
				3859ED5C2857BB0300D4854F /* SavedScoreModel.swift in Sources */,
				ADE1FB1422B39F0200DD2BD6 /* SceneDelegate.swift in Sources */,
				3859ED722857CE0400D4854F /* ScorecardViewController.swift in Sources */,
				38283FE6285E35EB001574F4 /* HighScoreTableViewCell.swift in Sources */,
			);
			runOnlyForDeploymentPostprocessing = 0;
		};
/* End PBXSourcesBuildPhase section */

/* Begin PBXVariantGroup section */
		ADB0E00222AFA6090030352D /* Main.storyboard */ = {
			isa = PBXVariantGroup;
			children = (
				ADB0E00322AFA6090030352D /* Base */,
			);
			name = Main.storyboard;
			sourceTree = "<group>";
		};
		ADB0E00722AFA60E0030352D /* LaunchScreen.storyboard */ = {
			isa = PBXVariantGroup;
			children = (
				ADB0E00822AFA60E0030352D /* Base */,
			);
			name = LaunchScreen.storyboard;
			sourceTree = "<group>";
		};
/* End PBXVariantGroup section */

/* Begin XCBuildConfiguration section */
		ADB0E00B22AFA60E0030352D /* Debug */ = {
			isa = XCBuildConfiguration;
			buildSettings = {
				ALWAYS_SEARCH_USER_PATHS = NO;
				CLANG_ANALYZER_NONNULL = YES;
				CLANG_ANALYZER_NUMBER_OBJECT_CONVERSION = YES_AGGRESSIVE;
				CLANG_CXX_LANGUAGE_STANDARD = "gnu++14";
				CLANG_CXX_LIBRARY = "libc++";
				CLANG_ENABLE_MODULES = YES;
				CLANG_ENABLE_OBJC_ARC = YES;
				CLANG_ENABLE_OBJC_WEAK = YES;
				CLANG_WARN_BLOCK_CAPTURE_AUTORELEASING = YES;
				CLANG_WARN_BOOL_CONVERSION = YES;
				CLANG_WARN_COMMA = YES;
				CLANG_WARN_CONSTANT_CONVERSION = YES;
				CLANG_WARN_DEPRECATED_OBJC_IMPLEMENTATIONS = YES;
				CLANG_WARN_DIRECT_OBJC_ISA_USAGE = YES_ERROR;
				CLANG_WARN_DOCUMENTATION_COMMENTS = YES;
				CLANG_WARN_EMPTY_BODY = YES;
				CLANG_WARN_ENUM_CONVERSION = YES;
				CLANG_WARN_INFINITE_RECURSION = YES;
				CLANG_WARN_INT_CONVERSION = YES;
				CLANG_WARN_NON_LITERAL_NULL_CONVERSION = YES;
				CLANG_WARN_OBJC_IMPLICIT_RETAIN_SELF = YES;
				CLANG_WARN_OBJC_LITERAL_CONVERSION = YES;
				CLANG_WARN_OBJC_ROOT_CLASS = YES_ERROR;
				CLANG_WARN_QUOTED_INCLUDE_IN_FRAMEWORK_HEADER = YES;
				CLANG_WARN_RANGE_LOOP_ANALYSIS = YES;
				CLANG_WARN_STRICT_PROTOTYPES = YES;
				CLANG_WARN_SUSPICIOUS_MOVE = YES;
				CLANG_WARN_UNGUARDED_AVAILABILITY = YES_AGGRESSIVE;
				CLANG_WARN_UNREACHABLE_CODE = YES;
				CLANG_WARN__DUPLICATE_METHOD_MATCH = YES;
				COPY_PHASE_STRIP = NO;
				DEBUG_INFORMATION_FORMAT = dwarf;
				ENABLE_STRICT_OBJC_MSGSEND = YES;
				ENABLE_TESTABILITY = YES;
				GCC_C_LANGUAGE_STANDARD = gnu11;
				GCC_DYNAMIC_NO_PIC = NO;
				GCC_NO_COMMON_BLOCKS = YES;
				GCC_OPTIMIZATION_LEVEL = 0;
				GCC_PREPROCESSOR_DEFINITIONS = (
					"DEBUG=1",
					"$(inherited)",
				);
				GCC_WARN_64_TO_32_BIT_CONVERSION = YES;
				GCC_WARN_ABOUT_RETURN_TYPE = YES_ERROR;
				GCC_WARN_UNDECLARED_SELECTOR = YES;
				GCC_WARN_UNINITIALIZED_AUTOS = YES_AGGRESSIVE;
				GCC_WARN_UNUSED_FUNCTION = YES;
				GCC_WARN_UNUSED_VARIABLE = YES;
				IPHONEOS_DEPLOYMENT_TARGET = 15.0;
				MTL_ENABLE_DEBUG_INFO = INCLUDE_SOURCE;
				MTL_FAST_MATH = YES;
				ONLY_ACTIVE_ARCH = YES;
				SDKROOT = iphoneos;
				SWIFT_ACTIVE_COMPILATION_CONDITIONS = DEBUG;
				SWIFT_OPTIMIZATION_LEVEL = "-Onone";
			};
			name = Debug;
		};
		ADB0E00C22AFA60E0030352D /* Release */ = {
			isa = XCBuildConfiguration;
			buildSettings = {
				ALWAYS_SEARCH_USER_PATHS = NO;
				CLANG_ANALYZER_NONNULL = YES;
				CLANG_ANALYZER_NUMBER_OBJECT_CONVERSION = YES_AGGRESSIVE;
				CLANG_CXX_LANGUAGE_STANDARD = "gnu++14";
				CLANG_CXX_LIBRARY = "libc++";
				CLANG_ENABLE_MODULES = YES;
				CLANG_ENABLE_OBJC_ARC = YES;
				CLANG_ENABLE_OBJC_WEAK = YES;
				CLANG_WARN_BLOCK_CAPTURE_AUTORELEASING = YES;
				CLANG_WARN_BOOL_CONVERSION = YES;
				CLANG_WARN_COMMA = YES;
				CLANG_WARN_CONSTANT_CONVERSION = YES;
				CLANG_WARN_DEPRECATED_OBJC_IMPLEMENTATIONS = YES;
				CLANG_WARN_DIRECT_OBJC_ISA_USAGE = YES_ERROR;
				CLANG_WARN_DOCUMENTATION_COMMENTS = YES;
				CLANG_WARN_EMPTY_BODY = YES;
				CLANG_WARN_ENUM_CONVERSION = YES;
				CLANG_WARN_INFINITE_RECURSION = YES;
				CLANG_WARN_INT_CONVERSION = YES;
				CLANG_WARN_NON_LITERAL_NULL_CONVERSION = YES;
				CLANG_WARN_OBJC_IMPLICIT_RETAIN_SELF = YES;
				CLANG_WARN_OBJC_LITERAL_CONVERSION = YES;
				CLANG_WARN_OBJC_ROOT_CLASS = YES_ERROR;
				CLANG_WARN_QUOTED_INCLUDE_IN_FRAMEWORK_HEADER = YES;
				CLANG_WARN_RANGE_LOOP_ANALYSIS = YES;
				CLANG_WARN_STRICT_PROTOTYPES = YES;
				CLANG_WARN_SUSPICIOUS_MOVE = YES;
				CLANG_WARN_UNGUARDED_AVAILABILITY = YES_AGGRESSIVE;
				CLANG_WARN_UNREACHABLE_CODE = YES;
				CLANG_WARN__DUPLICATE_METHOD_MATCH = YES;
				COPY_PHASE_STRIP = NO;
				DEBUG_INFORMATION_FORMAT = "dwarf-with-dsym";
				ENABLE_NS_ASSERTIONS = NO;
				ENABLE_STRICT_OBJC_MSGSEND = YES;
				GCC_C_LANGUAGE_STANDARD = gnu11;
				GCC_NO_COMMON_BLOCKS = YES;
				GCC_WARN_64_TO_32_BIT_CONVERSION = YES;
				GCC_WARN_ABOUT_RETURN_TYPE = YES_ERROR;
				GCC_WARN_UNDECLARED_SELECTOR = YES;
				GCC_WARN_UNINITIALIZED_AUTOS = YES_AGGRESSIVE;
				GCC_WARN_UNUSED_FUNCTION = YES;
				GCC_WARN_UNUSED_VARIABLE = YES;
				IPHONEOS_DEPLOYMENT_TARGET = 15.0;
				MTL_ENABLE_DEBUG_INFO = NO;
				MTL_FAST_MATH = YES;
				SDKROOT = iphoneos;
				SWIFT_COMPILATION_MODE = wholemodule;
				SWIFT_OPTIMIZATION_LEVEL = "-O";
				VALIDATE_PRODUCT = YES;
			};
			name = Release;
		};
		ADB0E00E22AFA60E0030352D /* Debug */ = {
			isa = XCBuildConfiguration;
			buildSettings = {
				ASSETCATALOG_COMPILER_APPICON_NAME = AppIcon;
				ASSETCATALOG_COMPILER_INCLUDE_ALL_APPICON_ASSETS = NO;
				CODE_SIGN_STYLE = Automatic;
				CURRENT_PROJECT_VERSION = 14;
				DEVELOPMENT_TEAM = 3YA64BQ5PB;
				INFOPLIST_FILE = AroraYahtzee/Info.plist;
				INFOPLIST_KEY_LSApplicationCategoryType = "public.app-category.dice-games";
				IPHONEOS_DEPLOYMENT_TARGET = 15.0;
				LD_RUNPATH_SEARCH_PATHS = (
					"$(inherited)",
					"@executable_path/Frameworks",
				);
				MARKETING_VERSION = 1.25;
				PRODUCT_BUNDLE_IDENTIFIER = com.aroragames.arorayahtzee;
				PRODUCT_NAME = "$(TARGET_NAME)";
				SUPPORTED_PLATFORMS = "iphoneos iphonesimulator";
				SUPPORTS_MACCATALYST = NO;
				SUPPORTS_MAC_DESIGNED_FOR_IPHONE_IPAD = NO;
				SWIFT_VERSION = 5.0;
				TARGETED_DEVICE_FAMILY = "1,2";
			};
			name = Debug;
		};
		ADB0E00F22AFA60E0030352D /* Release */ = {
			isa = XCBuildConfiguration;
			buildSettings = {
				ASSETCATALOG_COMPILER_APPICON_NAME = AppIcon;
				ASSETCATALOG_COMPILER_INCLUDE_ALL_APPICON_ASSETS = NO;
				CODE_SIGN_STYLE = Automatic;
				CURRENT_PROJECT_VERSION = 14;
				DEVELOPMENT_TEAM = 3YA64BQ5PB;
				INFOPLIST_FILE = AroraYahtzee/Info.plist;
				INFOPLIST_KEY_LSApplicationCategoryType = "public.app-category.dice-games";
				IPHONEOS_DEPLOYMENT_TARGET = 15.0;
				LD_RUNPATH_SEARCH_PATHS = (
					"$(inherited)",
					"@executable_path/Frameworks",
				);
				MARKETING_VERSION = 1.25;
				PRODUCT_BUNDLE_IDENTIFIER = com.aroragames.arorayahtzee;
				PRODUCT_NAME = "$(TARGET_NAME)";
				SUPPORTED_PLATFORMS = "iphoneos iphonesimulator";
				SUPPORTS_MACCATALYST = NO;
				SUPPORTS_MAC_DESIGNED_FOR_IPHONE_IPAD = NO;
				SWIFT_VERSION = 5.0;
				TARGETED_DEVICE_FAMILY = "1,2";
			};
			name = Release;
		};
/* End XCBuildConfiguration section */

/* Begin XCConfigurationList section */
		ADB0DFF422AFA6090030352D /* Build configuration list for PBXProject "AroraYahtzee" */ = {
			isa = XCConfigurationList;
			buildConfigurations = (
				ADB0E00B22AFA60E0030352D /* Debug */,
				ADB0E00C22AFA60E0030352D /* Release */,
			);
			defaultConfigurationIsVisible = 0;
			defaultConfigurationName = Release;
		};
		ADB0E00D22AFA60E0030352D /* Build configuration list for PBXNativeTarget "AroraYahtzee" */ = {
			isa = XCConfigurationList;
			buildConfigurations = (
				ADB0E00E22AFA60E0030352D /* Debug */,
				ADB0E00F22AFA60E0030352D /* Release */,
			);
			defaultConfigurationIsVisible = 0;
			defaultConfigurationName = Release;
		};
/* End XCConfigurationList section */
	};
	rootObject = ADB0DFF122AFA6090030352D /* Project object */;
}
